
Microsoft Visual Studio Solution File, Format Version 12.00
# Visual Studio Version 16
VisualStudioVersion = 16.0.31005.135
MinimumVisualStudioVersion = 10.0.40219.1
Project("{FAE04EC0-301F-11D3-BF4B-00C04F79EFBC}") = "Lab6", "Lab6.csproj", "{EF852E63-9F05-4135-ACD3-6183FB9AE8F2}"
EndProject
Global
	GlobalSection(SolutionConfigurationPlatforms) = preSolution
		Debug|Any CPU = Debug|Any CPU
		Release|Any CPU = Release|Any CPU
	EndGlobalSection
	GlobalSection(ProjectConfigurationPlatforms) = postSolution
		{EF852E63-9F05-4135-ACD3-6183FB9AE8F2}.Debug|Any CPU.ActiveCfg = Debug|Any CPU
		{EF852E63-9F05-4135-ACD3-6183FB9AE8F2}.Debug|Any CPU.Build.0 = Debug|Any CPU
		{EF852E63-9F05-4135-ACD3-6183FB9AE8F2}.Release|Any CPU.ActiveCfg = Release|Any CPU
		{EF852E63-9F05-4135-ACD3-6183FB9AE8F2}.Release|Any CPU.Build.0 = Release|Any CPU
	EndGlobalSection
	GlobalSection(SolutionProperties) = preSolution
		HideSolutionNode = FALSE
	EndGlobalSection
	GlobalSection(ExtensibilityGlobals) = postSolution
		SolutionGuid = {859DF6A6-566C-41DF-87CD-AC3A17308D28}
	EndGlobalSection
EndGlobal
